
Microsoft Visual Studio Solution File, Format Version 12.00
# Visual Studio Version 16
VisualStudioVersion = 16.0.30611.23
MinimumVisualStudioVersion = 10.0.40219.1
Project("{9A19103F-16F7-4668-BE54-9A1E7A4F7556}") = "SpendScorePredictor", "SpendScorePredictor\SpendScorePredictor.csproj", "{1F1517D8-2949-4D9B-A8FF-99779FC0CBAD}"
EndProject
Project("{9A19103F-16F7-4668-BE54-9A1E7A4F7556}") = "SpendScorePredictorML.Model", "SpendScorePredictorML.Model\SpendScorePredictorML.Model.csproj", "{BE9B50C8-EC39-4B1F-B9A8-E0B726DA0BC7}"
EndProject
Project("{9A19103F-16F7-4668-BE54-9A1E7A4F7556}") = "SpendScorePredictorML.ConsoleApp", "SpendScorePredictorML.ConsoleApp\SpendScorePredictorML.ConsoleApp.csproj", "{C3E6EEE4-506C-4AA9-8C6A-6F036566025D}"
EndProject
Global
	GlobalSection(SolutionConfigurationPlatforms) = preSolution
		Debug|Any CPU = Debug|Any CPU
		Release|Any CPU = Release|Any CPU
	EndGlobalSection
	GlobalSection(ProjectConfigurationPlatforms) = postSolution
		{1F1517D8-2949-4D9B-A8FF-99779FC0CBAD}.Debug|Any CPU.ActiveCfg = Debug|Any CPU
		{1F1517D8-2949-4D9B-A8FF-99779FC0CBAD}.Debug|Any CPU.Build.0 = Debug|Any CPU
		{1F1517D8-2949-4D9B-A8FF-99779FC0CBAD}.Release|Any CPU.ActiveCfg = Release|Any CPU
		{1F1517D8-2949-4D9B-A8FF-99779FC0CBAD}.Release|Any CPU.Build.0 = Release|Any CPU
		{BE9B50C8-EC39-4B1F-B9A8-E0B726DA0BC7}.Debug|Any CPU.ActiveCfg = Debug|Any CPU
		{BE9B50C8-EC39-4B1F-B9A8-E0B726DA0BC7}.Debug|Any CPU.Build.0 = Debug|Any CPU
		{BE9B50C8-EC39-4B1F-B9A8-E0B726DA0BC7}.Release|Any CPU.ActiveCfg = Release|Any CPU
		{BE9B50C8-EC39-4B1F-B9A8-E0B726DA0BC7}.Release|Any CPU.Build.0 = Release|Any CPU
		{C3E6EEE4-506C-4AA9-8C6A-6F036566025D}.Debug|Any CPU.ActiveCfg = Debug|Any CPU
		{C3E6EEE4-506C-4AA9-8C6A-6F036566025D}.Debug|Any CPU.Build.0 = Debug|Any CPU
		{C3E6EEE4-506C-4AA9-8C6A-6F036566025D}.Release|Any CPU.ActiveCfg = Release|Any CPU
		{C3E6EEE4-506C-4AA9-8C6A-6F036566025D}.Release|Any CPU.Build.0 = Release|Any CPU
	EndGlobalSection
	GlobalSection(SolutionProperties) = preSolution
		HideSolutionNode = FALSE
	EndGlobalSection
	GlobalSection(ExtensibilityGlobals) = postSolution
		SolutionGuid = {49C34F06-75C6-4528-AB62-E8F6DA163FAB}
	EndGlobalSection
EndGlobal
