
Microsoft Visual Studio Solution File, Format Version 12.00
# Visual Studio Version 16
VisualStudioVersion = 16.0.30404.54
MinimumVisualStudioVersion = 10.0.40219.1
Project("{9A19103F-16F7-4668-BE54-9A1E7A4F7556}") = "cs9-player-value-calculator", "cs9-player-value-calculator.csproj", "{F611BD71-DF9F-4F4B-B173-2099720E7F0F}"
EndProject
Global
	GlobalSection(SolutionConfigurationPlatforms) = preSolution
		Debug|Any CPU = Debug|Any CPU
		Release|Any CPU = Release|Any CPU
	EndGlobalSection
	GlobalSection(ProjectConfigurationPlatforms) = postSolution
		{F611BD71-DF9F-4F4B-B173-2099720E7F0F}.Debug|Any CPU.ActiveCfg = Debug|Any CPU
		{F611BD71-DF9F-4F4B-B173-2099720E7F0F}.Debug|Any CPU.Build.0 = Debug|Any CPU
		{F611BD71-DF9F-4F4B-B173-2099720E7F0F}.Release|Any CPU.ActiveCfg = Release|Any CPU
		{F611BD71-DF9F-4F4B-B173-2099720E7F0F}.Release|Any CPU.Build.0 = Release|Any CPU
	EndGlobalSection
	GlobalSection(SolutionProperties) = preSolution
		HideSolutionNode = FALSE
	EndGlobalSection
	GlobalSection(ExtensibilityGlobals) = postSolution
		SolutionGuid = {A315D90A-DEA7-4CB8-BF4D-F0865F0857A3}
	EndGlobalSection
EndGlobal
